// !$*UTF8*$!
{
	archiveVersion = 1;
	classes = {
	};
	objectVersion = 46;
	objects = {

/* Begin PBXBuildFile section */
		1436E65D1DC2FAEE0050462B /* Model.xcdatamodeld in Sources */ = {isa = PBXBuildFile; fileRef = 1436E65B1DC2FAEE0050462B /* Model.xcdatamodeld */; };
		146EE7B61DA33B080051A23F /* AppDelegate.swift in Sources */ = {isa = PBXBuildFile; fileRef = 146EE7B51DA33B080051A23F /* AppDelegate.swift */; };
		146EE7B81DA33B080051A23F /* ViewController.swift in Sources */ = {isa = PBXBuildFile; fileRef = 146EE7B71DA33B080051A23F /* ViewController.swift */; };
		146EE7BB1DA33B080051A23F /* Main.storyboard in Resources */ = {isa = PBXBuildFile; fileRef = 146EE7B91DA33B080051A23F /* Main.storyboard */; };
		146EE7BD1DA33B080051A23F /* Assets.xcassets in Resources */ = {isa = PBXBuildFile; fileRef = 146EE7BC1DA33B080051A23F /* Assets.xcassets */; };
		146EE7C01DA33B080051A23F /* LaunchScreen.storyboard in Resources */ = {isa = PBXBuildFile; fileRef = 146EE7BE1DA33B080051A23F /* LaunchScreen.storyboard */; };
		14DFF7EA1DADED23002165B3 /* AddFieldsViewController.swift in Sources */ = {isa = PBXBuildFile; fileRef = 14DFF7E81DADDFE6002165B3 /* AddFieldsViewController.swift */; };
		14DFF7EC1DBBDFE5002165B3 /* AddFieldsCell.swift in Sources */ = {isa = PBXBuildFile; fileRef = 14DFF7EB1DBBDFE5002165B3 /* AddFieldsCell.swift */; };
/* End PBXBuildFile section */

/* Begin PBXFileReference section */
		1436E65C1DC2FAEE0050462B /* Model.xcdatamodel */ = {isa = PBXFileReference; lastKnownFileType = wrapper.xcdatamodel; path = Model.xcdatamodel; sourceTree = "<group>"; };
		146EE7B21DA33B080051A23F /* REST Tester.app */ = {isa = PBXFileReference; explicitFileType = wrapper.application; includeInIndex = 0; path = "REST Tester.app"; sourceTree = BUILT_PRODUCTS_DIR; };
		146EE7B51DA33B080051A23F /* AppDelegate.swift */ = {isa = PBXFileReference; lastKnownFileType = sourcecode.swift; path = AppDelegate.swift; sourceTree = "<group>"; };
		146EE7B71DA33B080051A23F /* ViewController.swift */ = {isa = PBXFileReference; lastKnownFileType = sourcecode.swift; path = ViewController.swift; sourceTree = "<group>"; };
		146EE7BA1DA33B080051A23F /* Base */ = {isa = PBXFileReference; lastKnownFileType = file.storyboard; name = Base; path = Base.lproj/Main.storyboard; sourceTree = "<group>"; };
		146EE7BC1DA33B080051A23F /* Assets.xcassets */ = {isa = PBXFileReference; lastKnownFileType = folder.assetcatalog; path = Assets.xcassets; sourceTree = "<group>"; };
		146EE7BF1DA33B080051A23F /* Base */ = {isa = PBXFileReference; lastKnownFileType = file.storyboard; name = Base; path = Base.lproj/LaunchScreen.storyboard; sourceTree = "<group>"; };
		146EE7C11DA33B080051A23F /* Info.plist */ = {isa = PBXFileReference; lastKnownFileType = text.plist.xml; path = Info.plist; sourceTree = "<group>"; };
		14DFF7E61DAB4764002165B3 /* Foundation.framework */ = {isa = PBXFileReference; lastKnownFileType = wrapper.framework; name = Foundation.framework; path = System/Library/Frameworks/Foundation.framework; sourceTree = SDKROOT; };
		14DFF7E81DADDFE6002165B3 /* AddFieldsViewController.swift */ = {isa = PBXFileReference; fileEncoding = 4; lastKnownFileType = sourcecode.swift; path = AddFieldsViewController.swift; sourceTree = "<group>"; };
		14DFF7EB1DBBDFE5002165B3 /* AddFieldsCell.swift */ = {isa = PBXFileReference; fileEncoding = 4; lastKnownFileType = sourcecode.swift; path = AddFieldsCell.swift; sourceTree = "<group>"; };
/* End PBXFileReference section */

/* Begin PBXFrameworksBuildPhase section */
		146EE7AF1DA33B080051A23F /* Frameworks */ = {
			isa = PBXFrameworksBuildPhase;
			buildActionMask = 2147483647;
			files = (
			);
			runOnlyForDeploymentPostprocessing = 0;
		};
/* End PBXFrameworksBuildPhase section */

/* Begin PBXGroup section */
		146EE7A91DA33B080051A23F = {
			isa = PBXGroup;
			children = (
				146EE7B41DA33B080051A23F /* REST Tester */,
				146EE7B31DA33B080051A23F /* Products */,
				14DFF7E51DAB4763002165B3 /* Frameworks */,
			);
			sourceTree = "<group>";
		};
		146EE7B31DA33B080051A23F /* Products */ = {
			isa = PBXGroup;
			children = (
				146EE7B21DA33B080051A23F /* REST Tester.app */,
			);
			name = Products;
			sourceTree = "<group>";
		};
		146EE7B41DA33B080051A23F /* REST Tester */ = {
			isa = PBXGroup;
			children = (
				146EE7B51DA33B080051A23F /* AppDelegate.swift */,
				146EE7B71DA33B080051A23F /* ViewController.swift */,
				146EE7B91DA33B080051A23F /* Main.storyboard */,
				1436E65B1DC2FAEE0050462B /* Model.xcdatamodeld */,
				146EE7BC1DA33B080051A23F /* Assets.xcassets */,
				146EE7C11DA33B080051A23F /* Info.plist */,
				146EE7BE1DA33B080051A23F /* LaunchScreen.storyboard */,
				14DFF7E81DADDFE6002165B3 /* AddFieldsViewController.swift */,
				14DFF7EB1DBBDFE5002165B3 /* AddFieldsCell.swift */,
			);
			path = "REST Tester";
			sourceTree = "<group>";
		};
		14DFF7E51DAB4763002165B3 /* Frameworks */ = {
			isa = PBXGroup;
			children = (
				14DFF7E61DAB4764002165B3 /* Foundation.framework */,
			);
			name = Frameworks;
			sourceTree = "<group>";
		};
/* End PBXGroup section */

/* Begin PBXNativeTarget section */
		146EE7B11DA33B080051A23F /* REST Tester */ = {
			isa = PBXNativeTarget;
			buildConfigurationList = 146EE7C41DA33B080051A23F /* Build configuration list for PBXNativeTarget "REST Tester" */;
			buildPhases = (
				146EE7AE1DA33B080051A23F /* Sources */,
				146EE7AF1DA33B080051A23F /* Frameworks */,
				146EE7B01DA33B080051A23F /* Resources */,
			);
			buildRules = (
			);
			dependencies = (
			);
			name = "REST Tester";
			productName = "REST Tester";
			productReference = 146EE7B21DA33B080051A23F /* REST Tester.app */;
			productType = "com.apple.product-type.application";
		};
/* End PBXNativeTarget section */

/* Begin PBXProject section */
		146EE7AA1DA33B080051A23F /* Project object */ = {
			isa = PBXProject;
			attributes = {
				LastSwiftUpdateCheck = 0800;
				LastUpgradeCheck = 0810;
				ORGANIZATIONNAME = "Kenny Speer";
				TargetAttributes = {
					146EE7B11DA33B080051A23F = {
						CreatedOnToolsVersion = 8.0;
						DevelopmentTeam = LJL98TGLYX;
						ProvisioningStyle = Automatic;
					};
				};
			};
			buildConfigurationList = 146EE7AD1DA33B080051A23F /* Build configuration list for PBXProject "REST Tester" */;
			compatibilityVersion = "Xcode 3.2";
			developmentRegion = English;
			hasScannedForEncodings = 0;
			knownRegions = (
				en,
				Base,
			);
			mainGroup = 146EE7A91DA33B080051A23F;
			productRefGroup = 146EE7B31DA33B080051A23F /* Products */;
			projectDirPath = "";
			projectRoot = "";
			targets = (
				146EE7B11DA33B080051A23F /* REST Tester */,
			);
		};
/* End PBXProject section */

/* Begin PBXResourcesBuildPhase section */
		146EE7B01DA33B080051A23F /* Resources */ = {
			isa = PBXResourcesBuildPhase;
			buildActionMask = 2147483647;
			files = (
				146EE7C01DA33B080051A23F /* LaunchScreen.storyboard in Resources */,
				146EE7BD1DA33B080051A23F /* Assets.xcassets in Resources */,
				146EE7BB1DA33B080051A23F /* Main.storyboard in Resources */,
			);
			runOnlyForDeploymentPostprocessing = 0;
		};
/* End PBXResourcesBuildPhase section */

/* Begin PBXSourcesBuildPhase section */
		146EE7AE1DA33B080051A23F /* Sources */ = {
			isa = PBXSourcesBuildPhase;
			buildActionMask = 2147483647;
			files = (
				146EE7B81DA33B080051A23F /* ViewController.swift in Sources */,
				146EE7B61DA33B080051A23F /* AppDelegate.swift in Sources */,
				1436E65D1DC2FAEE0050462B /* Model.xcdatamodeld in Sources */,
				14DFF7EC1DBBDFE5002165B3 /* AddFieldsCell.swift in Sources */,
				14DFF7EA1DADED23002165B3 /* AddFieldsViewController.swift in Sources */,
			);
			runOnlyForDeploymentPostprocessing = 0;
		};
/* End PBXSourcesBuildPhase section */

/* Begin PBXVariantGroup section */
		146EE7B91DA33B080051A23F /* Main.storyboard */ = {
			isa = PBXVariantGroup;
			children = (
				146EE7BA1DA33B080051A23F /* Base */,
			);
			name = Main.storyboard;
			sourceTree = "<group>";
		};
		146EE7BE1DA33B080051A23F /* LaunchScreen.storyboard */ = {
			isa = PBXVariantGroup;
			children = (
				146EE7BF1DA33B080051A23F /* Base */,
			);
			name = LaunchScreen.storyboard;
			sourceTree = "<group>";
		};
/* End PBXVariantGroup section */

/* Begin XCBuildConfiguration section */
		146EE7C21DA33B080051A23F /* Debug */ = {
			isa = XCBuildConfiguration;
			buildSettings = {
				ALWAYS_SEARCH_USER_PATHS = NO;
				CLANG_ANALYZER_NONNULL = YES;
				CLANG_CXX_LANGUAGE_STANDARD = "gnu++0x";
				CLANG_CXX_LIBRARY = "libc++";
				CLANG_ENABLE_MODULES = YES;
				CLANG_ENABLE_OBJC_ARC = YES;
				CLANG_WARN_BOOL_CONVERSION = YES;
				CLANG_WARN_CONSTANT_CONVERSION = YES;
				CLANG_WARN_DIRECT_OBJC_ISA_USAGE = YES_ERROR;
				CLANG_WARN_DOCUMENTATION_COMMENTS = YES;
				CLANG_WARN_EMPTY_BODY = YES;
				CLANG_WARN_ENUM_CONVERSION = YES;
				CLANG_WARN_INFINITE_RECURSION = YES;
				CLANG_WARN_INT_CONVERSION = YES;
				CLANG_WARN_OBJC_ROOT_CLASS = YES_ERROR;
				CLANG_WARN_SUSPICIOUS_MOVE = YES;
				CLANG_WARN_SUSPICIOUS_MOVES = YES;
				CLANG_WARN_UNREACHABLE_CODE = YES;
				CLANG_WARN__DUPLICATE_METHOD_MATCH = YES;
				"CODE_SIGN_IDENTITY[sdk=iphoneos*]" = "iPhone Developer";
				COPY_PHASE_STRIP = NO;
				DEBUG_INFORMATION_FORMAT = dwarf;
				ENABLE_STRICT_OBJC_MSGSEND = YES;
				ENABLE_TESTABILITY = YES;
				GCC_C_LANGUAGE_STANDARD = gnu99;
				GCC_DYNAMIC_NO_PIC = NO;
				GCC_NO_COMMON_BLOCKS = YES;
				GCC_OPTIMIZATION_LEVEL = 0;
				GCC_PREPROCESSOR_DEFINITIONS = (
					"DEBUG=1",
					"$(inherited)",
				);
				GCC_WARN_64_TO_32_BIT_CONVERSION = YES;
				GCC_WARN_ABOUT_RETURN_TYPE = YES_ERROR;
				GCC_WARN_UNDECLARED_SELECTOR = YES;
				GCC_WARN_UNINITIALIZED_AUTOS = YES_AGGRESSIVE;
				GCC_WARN_UNUSED_FUNCTION = YES;
				GCC_WARN_UNUSED_VARIABLE = YES;
				IPHONEOS_DEPLOYMENT_TARGET = 10.0;
				MTL_ENABLE_DEBUG_INFO = YES;
				ONLY_ACTIVE_ARCH = YES;
				SDKROOT = iphoneos;
				SWIFT_ACTIVE_COMPILATION_CONDITIONS = DEBUG;
				SWIFT_OPTIMIZATION_LEVEL = "-Onone";
				TARGETED_DEVICE_FAMILY = "1,2";
			};
			name = Debug;
		};
		146EE7C31DA33B080051A23F /* Release */ = {
			isa = XCBuildConfiguration;
			buildSettings = {
				ALWAYS_SEARCH_USER_PATHS = NO;
				CLANG_ANALYZER_NONNULL = YES;
				CLANG_CXX_LANGUAGE_STANDARD = "gnu++0x";
				CLANG_CXX_LIBRARY = "libc++";
				CLANG_ENABLE_MODULES = YES;
				CLANG_ENABLE_OBJC_ARC = YES;
				CLANG_WARN_BOOL_CONVERSION = YES;
				CLANG_WARN_CONSTANT_CONVERSION = YES;
				CLANG_WARN_DIRECT_OBJC_ISA_USAGE = YES_ERROR;
				CLANG_WARN_DOCUMENTATION_COMMENTS = YES;
				CLANG_WARN_EMPTY_BODY = YES;
				CLANG_WARN_ENUM_CONVERSION = YES;
				CLANG_WARN_INFINITE_RECURSION = YES;
				CLANG_WARN_INT_CONVERSION = YES;
				CLANG_WARN_OBJC_ROOT_CLASS = YES_ERROR;
				CLANG_WARN_SUSPICIOUS_MOVE = YES;
				CLANG_WARN_SUSPICIOUS_MOVES = YES;
				CLANG_WARN_UNREACHABLE_CODE = YES;
				CLANG_WARN__DUPLICATE_METHOD_MATCH = YES;
				"CODE_SIGN_IDENTITY[sdk=iphoneos*]" = "iPhone Developer";
				COPY_PHASE_STRIP = NO;
				DEBUG_INFORMATION_FORMAT = "dwarf-with-dsym";
				ENABLE_NS_ASSERTIONS = NO;
				ENABLE_STRICT_OBJC_MSGSEND = YES;
				GCC_C_LANGUAGE_STANDARD = gnu99;
				GCC_NO_COMMON_BLOCKS = YES;
				GCC_WARN_64_TO_32_BIT_CONVERSION = YES;
				GCC_WARN_ABOUT_RETURN_TYPE = YES_ERROR;
				GCC_WARN_UNDECLARED_SELECTOR = YES;
				GCC_WARN_UNINITIALIZED_AUTOS = YES_AGGRESSIVE;
				GCC_WARN_UNUSED_FUNCTION = YES;
				GCC_WARN_UNUSED_VARIABLE = YES;
				IPHONEOS_DEPLOYMENT_TARGET = 10.0;
				MTL_ENABLE_DEBUG_INFO = NO;
				SDKROOT = iphoneos;
				SWIFT_OPTIMIZATION_LEVEL = "-Owholemodule";
				TARGETED_DEVICE_FAMILY = "1,2";
				VALIDATE_PRODUCT = YES;
			};
			name = Release;
		};
		146EE7C51DA33B080051A23F /* Debug */ = {
			isa = XCBuildConfiguration;
			buildSettings = {
				ASSETCATALOG_COMPILER_APPICON_NAME = AppIcon;
				DEVELOPMENT_TEAM = LJL98TGLYX;
				INFOPLIST_FILE = "REST Tester/Info.plist";
				IPHONEOS_DEPLOYMENT_TARGET = 10.0;
				LD_RUNPATH_SEARCH_PATHS = "$(inherited) @executable_path/Frameworks";
				PRODUCT_BUNDLE_IDENTIFIER = "RISE.REST-Tester";
				PRODUCT_NAME = "$(TARGET_NAME)";
				SWIFT_VERSION = 3.0;
			};
			name = Debug;
		};
		146EE7C61DA33B080051A23F /* Release */ = {
			isa = XCBuildConfiguration;
			buildSettings = {
				ASSETCATALOG_COMPILER_APPICON_NAME = AppIcon;
				DEVELOPMENT_TEAM = LJL98TGLYX;
				INFOPLIST_FILE = "REST Tester/Info.plist";
				IPHONEOS_DEPLOYMENT_TARGET = 10.0;
				LD_RUNPATH_SEARCH_PATHS = "$(inherited) @executable_path/Frameworks";
				PRODUCT_BUNDLE_IDENTIFIER = "RISE.REST-Tester";
				PRODUCT_NAME = "$(TARGET_NAME)";
				SWIFT_VERSION = 3.0;
			};
			name = Release;
		};
/* End XCBuildConfiguration section */

/* Begin XCConfigurationList section */
		146EE7AD1DA33B080051A23F /* Build configuration list for PBXProject "REST Tester" */ = {
			isa = XCConfigurationList;
			buildConfigurations = (
				146EE7C21DA33B080051A23F /* Debug */,
				146EE7C31DA33B080051A23F /* Release */,
			);
			defaultConfigurationIsVisible = 0;
			defaultConfigurationName = Release;
		};
		146EE7C41DA33B080051A23F /* Build configuration list for PBXNativeTarget "REST Tester" */ = {
			isa = XCConfigurationList;
			buildConfigurations = (
				146EE7C51DA33B080051A23F /* Debug */,
				146EE7C61DA33B080051A23F /* Release */,
			);
			defaultConfigurationIsVisible = 0;
			defaultConfigurationName = Release;
		};
/* End XCConfigurationList section */

/* Begin XCVersionGroup section */
		1436E65B1DC2FAEE0050462B /* Model.xcdatamodeld */ = {
			isa = XCVersionGroup;
			children = (
				1436E65C1DC2FAEE0050462B /* Model.xcdatamodel */,
			);
			currentVersion = 1436E65C1DC2FAEE0050462B /* Model.xcdatamodel */;
			path = Model.xcdatamodeld;
			sourceTree = "<group>";
			versionGroupType = wrapper.xcdatamodel;
		};
/* End XCVersionGroup section */
	};
	rootObject = 146EE7AA1DA33B080051A23F /* Project object */;
}
